
Microsoft Visual Studio Solution File, Format Version 12.00
# Visual Studio 2012
Project("{FAE04EC0-301F-11D3-BF4B-00C04F79EFBC}") = "Xamarin.Nordic.Dfu", "Xamarin.Nordic.Dfu\Xamarin.Nordic.Dfu.csproj", "{B212AA07-12FD-43A2-B0CF-14D04F85C91B}"
EndProject
Project("{FAE04EC0-301F-11D3-BF4B-00C04F79EFBC}") = "Xamarin.Nordic.Dfu.Demo", "..\Demo\Xamarin.Nordic.Dfu.Demo\Xamarin.Nordic.Dfu.Demo.csproj", "{B1AC08B7-C038-4F22-8E59-3ECFE1950028}"
EndProject
Global
	GlobalSection(SolutionConfigurationPlatforms) = preSolution
		Debug|Any CPU = Debug|Any CPU
		Release|Any CPU = Release|Any CPU
	EndGlobalSection
	GlobalSection(ProjectConfigurationPlatforms) = postSolution
		{B212AA07-12FD-43A2-B0CF-14D04F85C91B}.Debug|Any CPU.ActiveCfg = Debug|Any CPU
		{B212AA07-12FD-43A2-B0CF-14D04F85C91B}.Debug|Any CPU.Build.0 = Debug|Any CPU
		{B212AA07-12FD-43A2-B0CF-14D04F85C91B}.Release|Any CPU.ActiveCfg = Release|Any CPU
		{B212AA07-12FD-43A2-B0CF-14D04F85C91B}.Release|Any CPU.Build.0 = Release|Any CPU
		{B1AC08B7-C038-4F22-8E59-3ECFE1950028}.Debug|Any CPU.ActiveCfg = Debug|Any CPU
		{B1AC08B7-C038-4F22-8E59-3ECFE1950028}.Debug|Any CPU.Build.0 = Debug|Any CPU
		{B1AC08B7-C038-4F22-8E59-3ECFE1950028}.Release|Any CPU.ActiveCfg = Release|Any CPU
		{B1AC08B7-C038-4F22-8E59-3ECFE1950028}.Release|Any CPU.Build.0 = Release|Any CPU
	EndGlobalSection
EndGlobal
